PODS:
  - Flutter (1.0.0)
  - flutter_qiyu (0.0.1):
    - Flutter
    - QY_iOS_SDK (~> 8.4.0)
  - NIMSDK_LITE (8.9.110)
  - QY_iOS_SDK (8.4.0):
    - QY_iOS_SDK/Default (= 8.4.0)
  - QY_iOS_SDK/Default (8.4.0):
    - NIMSDK_LITE (= 8.9.110)

DEPENDENCIES:
  - Flutter (from `Flutter`)
  - flutter_qiyu (from `.symlinks/plugins/flutter_qiyu/ios`)

SPEC REPOS:
  trunk:
    - NIMSDK_LITE
    - QY_iOS_SDK

EXTERNAL SOURCES:
  Flutter:
    :path: Flutter
  flutter_qiyu:
    :path: ".symlinks/plugins/flutter_qiyu/ios"

SPEC CHECKSUMS:
  Flutter: f04841e97a9d0b0a8025694d0796dd46242b2854
  flutter_qiyu: 19f14b58c5fad600e058623e9b3df97a6a0c8528
  NIMSDK_LITE: 299ff39677d705b91413d14ad352b32a1b0e72fe
  QY_iOS_SDK: 60935453b1dfe57aecc55d1b1665f03d536ed69b

PODFILE CHECKSUM: 663715e941f9adb426e33bf9376914006f9ea95b

COCOAPODS: 1.12.1
